
Microsoft Visual Studio Solution File, Format Version 12.00
# Visual Studio Version 16
VisualStudioVersion = 16.0.30413.136
MinimumVisualStudioVersion = 10.0.40219.1
Project("{FAE04EC0-301F-11D3-BF4B-00C04F79EFBC}") = "MCNFTS", "MCNFTS\MCNFTS.csproj", "{F37A7310-9DA2-4A02-B570-4AC5F5794171}"
EndProject
Global
	GlobalSection(SolutionConfigurationPlatforms) = preSolution
		Debug|Any CPU = Debug|Any CPU
		Release|Any CPU = Release|Any CPU
	EndGlobalSection
	GlobalSection(ProjectConfigurationPlatforms) = postSolution
		{F37A7310-9DA2-4A02-B570-4AC5F5794171}.Debug|Any CPU.ActiveCfg = Debug|Any CPU
		{F37A7310-9DA2-4A02-B570-4AC5F5794171}.Debug|Any CPU.Build.0 = Debug|Any CPU
		{F37A7310-9DA2-4A02-B570-4AC5F5794171}.Release|Any CPU.ActiveCfg = Release|Any CPU
		{F37A7310-9DA2-4A02-B570-4AC5F5794171}.Release|Any CPU.Build.0 = Release|Any CPU
	EndGlobalSection
	GlobalSection(SolutionProperties) = preSolution
		HideSolutionNode = FALSE
	EndGlobalSection
	GlobalSection(ExtensibilityGlobals) = postSolution
		SolutionGuid = {489A7B0C-7480-4158-A1A6-587383BF9D14}
	EndGlobalSection
EndGlobal
